
Microsoft Visual Studio Solution File, Format Version 12.00
# Visual Studio Version 17
VisualStudioVersion = 17.4.33205.214
MinimumVisualStudioVersion = 10.0.40219.1
Project("{9A19103F-16F7-4668-BE54-9A1E7A4F7556}") = "RequestProcessor", "RequestProcessor\RequestProcessor.csproj", "{5BE8BEC0-8CA0-412D-ABB2-3A6D0502D40E}"
EndProject
Project("{9A19103F-16F7-4668-BE54-9A1E7A4F7556}") = "SignalRClient", "SignalRClient\SignalRClient.csproj", "{7089EFB4-C18F-4CB0-99F9-C45426B4B980}"
EndProject
Global
	GlobalSection(SolutionConfigurationPlatforms) = preSolution
		Debug|Any CPU = Debug|Any CPU
		Release|Any CPU = Release|Any CPU
	EndGlobalSection
	GlobalSection(ProjectConfigurationPlatforms) = postSolution
		{5BE8BEC0-8CA0-412D-ABB2-3A6D0502D40E}.Debug|Any CPU.ActiveCfg = Debug|Any CPU
		{5BE8BEC0-8CA0-412D-ABB2-3A6D0502D40E}.Debug|Any CPU.Build.0 = Debug|Any CPU
		{5BE8BEC0-8CA0-412D-ABB2-3A6D0502D40E}.Release|Any CPU.ActiveCfg = Release|Any CPU
		{5BE8BEC0-8CA0-412D-ABB2-3A6D0502D40E}.Release|Any CPU.Build.0 = Release|Any CPU
		{7089EFB4-C18F-4CB0-99F9-C45426B4B980}.Debug|Any CPU.ActiveCfg = Debug|Any CPU
		{7089EFB4-C18F-4CB0-99F9-C45426B4B980}.Debug|Any CPU.Build.0 = Debug|Any CPU
		{7089EFB4-C18F-4CB0-99F9-C45426B4B980}.Release|Any CPU.ActiveCfg = Release|Any CPU
		{7089EFB4-C18F-4CB0-99F9-C45426B4B980}.Release|Any CPU.Build.0 = Release|Any CPU
	EndGlobalSection
	GlobalSection(SolutionProperties) = preSolution
		HideSolutionNode = FALSE
	EndGlobalSection
	GlobalSection(ExtensibilityGlobals) = postSolution
		SolutionGuid = {FC3001D6-68DE-4C29-9DAC-20C7A57F4A7D}
	EndGlobalSection
EndGlobal
